
Microsoft Visual Studio Solution File, Format Version 12.00
# Visual Studio Version 17
VisualStudioVersion = 17.10.34928.147
MinimumVisualStudioVersion = 10.0.40219.1
Project("{FAE04EC0-301F-11D3-BF4B-00C04F79EFBC}") = "MedicinskiSustav", "MedicinskiSustav\MedicinskiSustav.csproj", "{0EB8B53A-3DC8-48B8-BE5E-4AAFC0849B75}"
EndProject
Global
	GlobalSection(SolutionConfigurationPlatforms) = preSolution
		Debug|Any CPU = Debug|Any CPU
		Release|Any CPU = Release|Any CPU
	EndGlobalSection
	GlobalSection(ProjectConfigurationPlatforms) = postSolution
		{0EB8B53A-3DC8-48B8-BE5E-4AAFC0849B75}.Debug|Any CPU.ActiveCfg = Debug|Any CPU
		{0EB8B53A-3DC8-48B8-BE5E-4AAFC0849B75}.Debug|Any CPU.Build.0 = Debug|Any CPU
		{0EB8B53A-3DC8-48B8-BE5E-4AAFC0849B75}.Release|Any CPU.ActiveCfg = Release|Any CPU
		{0EB8B53A-3DC8-48B8-BE5E-4AAFC0849B75}.Release|Any CPU.Build.0 = Release|Any CPU
	EndGlobalSection
	GlobalSection(SolutionProperties) = preSolution
		HideSolutionNode = FALSE
	EndGlobalSection
	GlobalSection(ExtensibilityGlobals) = postSolution
		SolutionGuid = {627E2AE5-BF0F-41A9-B2A9-948CA247C459}
	EndGlobalSection
EndGlobal
